
Microsoft Visual Studio Solution File, Format Version 12.00
# Visual Studio Version 17
VisualStudioVersion = 17.4.33213.308
MinimumVisualStudioVersion = 10.0.40219.1
Project("{FAE04EC0-301F-11D3-BF4B-00C04F79EFBC}") = "ControleDeContatosMVC", "ControleDeContatosMVC\ControleDeContatosMVC.csproj", "{9F8F5356-F141-4EF6-90C4-A8D544D7246A}"
EndProject
Global
	GlobalSection(SolutionConfigurationPlatforms) = preSolution
		Debug|Any CPU = Debug|Any CPU
		Release|Any CPU = Release|Any CPU
	EndGlobalSection
	GlobalSection(ProjectConfigurationPlatforms) = postSolution
		{9F8F5356-F141-4EF6-90C4-A8D544D7246A}.Debug|Any CPU.ActiveCfg = Debug|Any CPU
		{9F8F5356-F141-4EF6-90C4-A8D544D7246A}.Debug|Any CPU.Build.0 = Debug|Any CPU
		{9F8F5356-F141-4EF6-90C4-A8D544D7246A}.Release|Any CPU.ActiveCfg = Release|Any CPU
		{9F8F5356-F141-4EF6-90C4-A8D544D7246A}.Release|Any CPU.Build.0 = Release|Any CPU
	EndGlobalSection
	GlobalSection(SolutionProperties) = preSolution
		HideSolutionNode = FALSE
	EndGlobalSection
	GlobalSection(ExtensibilityGlobals) = postSolution
		SolutionGuid = {2B89A266-DCC2-466D-9BFF-ABA8744FDDAB}
	EndGlobalSection
EndGlobal
